
Microsoft Visual Studio Solution File, Format Version 12.00
# Visual Studio Version 17
VisualStudioVersion = 17.14.36408.4 d17.14
MinimumVisualStudioVersion = 10.0.40219.1
Project("{FAE04EC0-301F-11D3-BF4B-00C04F79EFBC}") = "SmartTaskPro", "SmartTaskPro\SmartTaskPro.csproj", "{25747946-F0BC-4DEB-BB1F-EF7B0827B1C9}"
EndProject
Global
	GlobalSection(SolutionConfigurationPlatforms) = preSolution
		Debug|Any CPU = Debug|Any CPU
		Release|Any CPU = Release|Any CPU
	EndGlobalSection
	GlobalSection(ProjectConfigurationPlatforms) = postSolution
		{25747946-F0BC-4DEB-BB1F-EF7B0827B1C9}.Debug|Any CPU.ActiveCfg = Debug|Any CPU
		{25747946-F0BC-4DEB-BB1F-EF7B0827B1C9}.Debug|Any CPU.Build.0 = Debug|Any CPU
		{25747946-F0BC-4DEB-BB1F-EF7B0827B1C9}.Release|Any CPU.ActiveCfg = Release|Any CPU
		{25747946-F0BC-4DEB-BB1F-EF7B0827B1C9}.Release|Any CPU.Build.0 = Release|Any CPU
	EndGlobalSection
	GlobalSection(SolutionProperties) = preSolution
		HideSolutionNode = FALSE
	EndGlobalSection
	GlobalSection(ExtensibilityGlobals) = postSolution
		SolutionGuid = {CD024549-CFBD-45FE-AE39-FB9DF748129A}
	EndGlobalSection
EndGlobal
